
Microsoft Visual Studio Solution File, Format Version 12.00
# Visual Studio Version 17
VisualStudioVersion = 17.3.32825.248
MinimumVisualStudioVersion = 10.0.40219.1
Project("{9A19103F-16F7-4668-BE54-9A1E7A4F7556}") = "AutoDbService.Wpf", "AutoDbService.Wpf\AutoDbService.Wpf.csproj", "{B7EE0E37-3690-476E-813E-0F03F7C6D9FF}"
EndProject
Project("{2150E333-8FDC-42A3-9474-1A3956D46DE8}") = "Modules", "Modules", "{776E929B-38C6-4535-8D80-50EBCAFD0FBB}"
EndProject
Project("{9A19103F-16F7-4668-BE54-9A1E7A4F7556}") = "AutoDbService.Entity", "AutoDbService.Entity\AutoDbService.Entity.csproj", "{288E8C0C-DD3E-428A-A318-1ADB5B8BF22B}"
EndProject
Project("{9A19103F-16F7-4668-BE54-9A1E7A4F7556}") = "AutoDbService", "AutoDbService\AutoDbService.csproj", "{7CF1A96A-740E-4B4F-882B-302E2656B2A0}"
EndProject
Project("{9A19103F-16F7-4668-BE54-9A1E7A4F7556}") = "AutoDbServiceTests", "AutoDbServiceTests\AutoDbServiceTests.csproj", "{8F023411-C835-4E4C-B18E-228884118146}"
EndProject
Project("{2150E333-8FDC-42A3-9474-1A3956D46DE8}") = "Tests", "Tests", "{E012F981-62F4-4499-8A3C-AFB7F39D75DA}"
EndProject
Project("{9A19103F-16F7-4668-BE54-9A1E7A4F7556}") = "AutoDbService.DbPrism", "AutoDbService.Prism\AutoDbService.DbPrism.csproj", "{14E9009B-39B1-4A0B-84C4-27EBB61E5B70}"
EndProject
Project("{9A19103F-16F7-4668-BE54-9A1E7A4F7556}") = "AutoDbService.TestAModule", "AutoDbService.TestAModule\AutoDbService.TestAModule.csproj", "{F0B9E645-FE5B-49BB-BE5C-DBB5BDBCC361}"
EndProject
Project("{9A19103F-16F7-4668-BE54-9A1E7A4F7556}") = "AutoDbService.TestBModule", "AutoDbService.TestBModule\AutoDbService.TestBModule.csproj", "{C9C833EA-4CE6-4192-AE82-F609A193575A}"
EndProject
Project("{2150E333-8FDC-42A3-9474-1A3956D46DE8}") = "PrismTest", "PrismTest", "{6473602D-18B6-482C-8D09-A2CE4F22A70E}"
EndProject
Global
	GlobalSection(SolutionConfigurationPlatforms) = preSolution
		Debug|Any CPU = Debug|Any CPU
		Release|Any CPU = Release|Any CPU
	EndGlobalSection
	GlobalSection(ProjectConfigurationPlatforms) = postSolution
		{B7EE0E37-3690-476E-813E-0F03F7C6D9FF}.Debug|Any CPU.ActiveCfg = Debug|Any CPU
		{B7EE0E37-3690-476E-813E-0F03F7C6D9FF}.Debug|Any CPU.Build.0 = Debug|Any CPU
		{B7EE0E37-3690-476E-813E-0F03F7C6D9FF}.Release|Any CPU.ActiveCfg = Release|Any CPU
		{B7EE0E37-3690-476E-813E-0F03F7C6D9FF}.Release|Any CPU.Build.0 = Release|Any CPU
		{288E8C0C-DD3E-428A-A318-1ADB5B8BF22B}.Debug|Any CPU.ActiveCfg = Debug|Any CPU
		{288E8C0C-DD3E-428A-A318-1ADB5B8BF22B}.Debug|Any CPU.Build.0 = Debug|Any CPU
		{288E8C0C-DD3E-428A-A318-1ADB5B8BF22B}.Release|Any CPU.ActiveCfg = Release|Any CPU
		{288E8C0C-DD3E-428A-A318-1ADB5B8BF22B}.Release|Any CPU.Build.0 = Release|Any CPU
		{7CF1A96A-740E-4B4F-882B-302E2656B2A0}.Debug|Any CPU.ActiveCfg = Debug|Any CPU
		{7CF1A96A-740E-4B4F-882B-302E2656B2A0}.Debug|Any CPU.Build.0 = Debug|Any CPU
		{7CF1A96A-740E-4B4F-882B-302E2656B2A0}.Release|Any CPU.ActiveCfg = Release|Any CPU
		{7CF1A96A-740E-4B4F-882B-302E2656B2A0}.Release|Any CPU.Build.0 = Release|Any CPU
		{8F023411-C835-4E4C-B18E-228884118146}.Debug|Any CPU.ActiveCfg = Debug|Any CPU
		{8F023411-C835-4E4C-B18E-228884118146}.Debug|Any CPU.Build.0 = Debug|Any CPU
		{8F023411-C835-4E4C-B18E-228884118146}.Release|Any CPU.ActiveCfg = Release|Any CPU
		{8F023411-C835-4E4C-B18E-228884118146}.Release|Any CPU.Build.0 = Release|Any CPU
		{14E9009B-39B1-4A0B-84C4-27EBB61E5B70}.Debug|Any CPU.ActiveCfg = Debug|Any CPU
		{14E9009B-39B1-4A0B-84C4-27EBB61E5B70}.Debug|Any CPU.Build.0 = Debug|Any CPU
		{14E9009B-39B1-4A0B-84C4-27EBB61E5B70}.Release|Any CPU.ActiveCfg = Release|Any CPU
		{14E9009B-39B1-4A0B-84C4-27EBB61E5B70}.Release|Any CPU.Build.0 = Release|Any CPU
		{F0B9E645-FE5B-49BB-BE5C-DBB5BDBCC361}.Debug|Any CPU.ActiveCfg = Debug|Any CPU
		{F0B9E645-FE5B-49BB-BE5C-DBB5BDBCC361}.Debug|Any CPU.Build.0 = Debug|Any CPU
		{F0B9E645-FE5B-49BB-BE5C-DBB5BDBCC361}.Release|Any CPU.ActiveCfg = Release|Any CPU
		{F0B9E645-FE5B-49BB-BE5C-DBB5BDBCC361}.Release|Any CPU.Build.0 = Release|Any CPU
		{C9C833EA-4CE6-4192-AE82-F609A193575A}.Debug|Any CPU.ActiveCfg = Debug|Any CPU
		{C9C833EA-4CE6-4192-AE82-F609A193575A}.Debug|Any CPU.Build.0 = Debug|Any CPU
		{C9C833EA-4CE6-4192-AE82-F609A193575A}.Release|Any CPU.ActiveCfg = Release|Any CPU
		{C9C833EA-4CE6-4192-AE82-F609A193575A}.Release|Any CPU.Build.0 = Release|Any CPU
	EndGlobalSection
	GlobalSection(SolutionProperties) = preSolution
		HideSolutionNode = FALSE
	EndGlobalSection
	GlobalSection(NestedProjects) = preSolution
		{B7EE0E37-3690-476E-813E-0F03F7C6D9FF} = {6473602D-18B6-482C-8D09-A2CE4F22A70E}
		{776E929B-38C6-4535-8D80-50EBCAFD0FBB} = {6473602D-18B6-482C-8D09-A2CE4F22A70E}
		{288E8C0C-DD3E-428A-A318-1ADB5B8BF22B} = {6473602D-18B6-482C-8D09-A2CE4F22A70E}
		{8F023411-C835-4E4C-B18E-228884118146} = {E012F981-62F4-4499-8A3C-AFB7F39D75DA}
		{F0B9E645-FE5B-49BB-BE5C-DBB5BDBCC361} = {776E929B-38C6-4535-8D80-50EBCAFD0FBB}
		{C9C833EA-4CE6-4192-AE82-F609A193575A} = {776E929B-38C6-4535-8D80-50EBCAFD0FBB}
	EndGlobalSection
	GlobalSection(ExtensibilityGlobals) = postSolution
		SolutionGuid = {4672147D-D354-4C88-98AC-804B843B9A3E}
	EndGlobalSection
EndGlobal
