
Microsoft Visual Studio Solution File, Format Version 12.00
# Visual Studio Version 17
VisualStudioVersion = 17.3.32825.248
MinimumVisualStudioVersion = 10.0.40219.1
Project("{9A19103F-16F7-4668-BE54-9A1E7A4F7556}") = "MySql.Data", "..\MySQL.Data\src\MySql.Data.csproj", "{211964C5-1F3B-4D2B-8E25-BC40141D697E}"
EndProject
Project("{9A19103F-16F7-4668-BE54-9A1E7A4F7556}") = "MySql.EntityFrameworkCore", "src\MySql.EntityFrameworkCore.csproj", "{4935154D-018E-4D41-AD2D-E50FBD350EF9}"
EndProject
Project("{2150E333-8FDC-42A3-9474-1A3956D46DE8}") = "EFCore", "EFCore", "{804C6637-3FA0-4D66-9C3F-71C08A2FD274}"
EndProject
Project("{9A19103F-16F7-4668-BE54-9A1E7A4F7556}") = "EFCore", "core\EFCore\EFCore.csproj", "{91C27607-133E-4683-8EFE-24D438E5C6AE}"
EndProject
Project("{9A19103F-16F7-4668-BE54-9A1E7A4F7556}") = "EFCore.Abstractions", "core\EFCore.Abstractions\EFCore.Abstractions.csproj", "{D03F376A-634E-47D7-BAD6-0FEC060C8F60}"
EndProject
Project("{9A19103F-16F7-4668-BE54-9A1E7A4F7556}") = "EFCore.Analyzers", "core\EFCore.Analyzers\EFCore.Analyzers.csproj", "{3A1F03D9-5B3E-4F5C-8509-91EE28172B27}"
EndProject
Project("{9A19103F-16F7-4668-BE54-9A1E7A4F7556}") = "EFCore.Cosmos", "core\EFCore.Cosmos\EFCore.Cosmos.csproj", "{ECC871D1-32F2-448C-91FF-5D9F0C9155F0}"
EndProject
Project("{9A19103F-16F7-4668-BE54-9A1E7A4F7556}") = "EFCore.InMemory", "core\EFCore.InMemory\EFCore.InMemory.csproj", "{CF6744F1-60FB-40BB-ABE9-7BDACAED7EB8}"
EndProject
Project("{9A19103F-16F7-4668-BE54-9A1E7A4F7556}") = "EFCore.Proxies", "core\EFCore.Proxies\EFCore.Proxies.csproj", "{F9AC3E5B-2C16-4828-8CE3-07F03F6F8AFD}"
EndProject
Project("{9A19103F-16F7-4668-BE54-9A1E7A4F7556}") = "EFCore.Relational", "core\EFCore.Relational\EFCore.Relational.csproj", "{82C0AFA2-622B-4F5C-8321-6314EE8D207C}"
EndProject
Global
	GlobalSection(SolutionConfigurationPlatforms) = preSolution
		Debug|Any CPU = Debug|Any CPU
		Release|Any CPU = Release|Any CPU
	EndGlobalSection
	GlobalSection(ProjectConfigurationPlatforms) = postSolution
		{211964C5-1F3B-4D2B-8E25-BC40141D697E}.Debug|Any CPU.ActiveCfg = Debug|Any CPU
		{211964C5-1F3B-4D2B-8E25-BC40141D697E}.Debug|Any CPU.Build.0 = Debug|Any CPU
		{211964C5-1F3B-4D2B-8E25-BC40141D697E}.Release|Any CPU.ActiveCfg = Release|Any CPU
		{211964C5-1F3B-4D2B-8E25-BC40141D697E}.Release|Any CPU.Build.0 = Release|Any CPU
		{4935154D-018E-4D41-AD2D-E50FBD350EF9}.Debug|Any CPU.ActiveCfg = Debug|Any CPU
		{4935154D-018E-4D41-AD2D-E50FBD350EF9}.Debug|Any CPU.Build.0 = Debug|Any CPU
		{4935154D-018E-4D41-AD2D-E50FBD350EF9}.Release|Any CPU.ActiveCfg = Release|Any CPU
		{4935154D-018E-4D41-AD2D-E50FBD350EF9}.Release|Any CPU.Build.0 = Release|Any CPU
		{91C27607-133E-4683-8EFE-24D438E5C6AE}.Debug|Any CPU.ActiveCfg = Debug|Any CPU
		{91C27607-133E-4683-8EFE-24D438E5C6AE}.Debug|Any CPU.Build.0 = Debug|Any CPU
		{91C27607-133E-4683-8EFE-24D438E5C6AE}.Release|Any CPU.ActiveCfg = Release|Any CPU
		{91C27607-133E-4683-8EFE-24D438E5C6AE}.Release|Any CPU.Build.0 = Release|Any CPU
		{D03F376A-634E-47D7-BAD6-0FEC060C8F60}.Debug|Any CPU.ActiveCfg = Debug|Any CPU
		{D03F376A-634E-47D7-BAD6-0FEC060C8F60}.Debug|Any CPU.Build.0 = Debug|Any CPU
		{D03F376A-634E-47D7-BAD6-0FEC060C8F60}.Release|Any CPU.ActiveCfg = Release|Any CPU
		{D03F376A-634E-47D7-BAD6-0FEC060C8F60}.Release|Any CPU.Build.0 = Release|Any CPU
		{3A1F03D9-5B3E-4F5C-8509-91EE28172B27}.Debug|Any CPU.ActiveCfg = Debug|Any CPU
		{3A1F03D9-5B3E-4F5C-8509-91EE28172B27}.Debug|Any CPU.Build.0 = Debug|Any CPU
		{3A1F03D9-5B3E-4F5C-8509-91EE28172B27}.Release|Any CPU.ActiveCfg = Release|Any CPU
		{3A1F03D9-5B3E-4F5C-8509-91EE28172B27}.Release|Any CPU.Build.0 = Release|Any CPU
		{ECC871D1-32F2-448C-91FF-5D9F0C9155F0}.Debug|Any CPU.ActiveCfg = Debug|Any CPU
		{ECC871D1-32F2-448C-91FF-5D9F0C9155F0}.Debug|Any CPU.Build.0 = Debug|Any CPU
		{ECC871D1-32F2-448C-91FF-5D9F0C9155F0}.Release|Any CPU.ActiveCfg = Release|Any CPU
		{ECC871D1-32F2-448C-91FF-5D9F0C9155F0}.Release|Any CPU.Build.0 = Release|Any CPU
		{CF6744F1-60FB-40BB-ABE9-7BDACAED7EB8}.Debug|Any CPU.ActiveCfg = Debug|Any CPU
		{CF6744F1-60FB-40BB-ABE9-7BDACAED7EB8}.Debug|Any CPU.Build.0 = Debug|Any CPU
		{CF6744F1-60FB-40BB-ABE9-7BDACAED7EB8}.Release|Any CPU.ActiveCfg = Release|Any CPU
		{CF6744F1-60FB-40BB-ABE9-7BDACAED7EB8}.Release|Any CPU.Build.0 = Release|Any CPU
		{F9AC3E5B-2C16-4828-8CE3-07F03F6F8AFD}.Debug|Any CPU.ActiveCfg = Debug|Any CPU
		{F9AC3E5B-2C16-4828-8CE3-07F03F6F8AFD}.Debug|Any CPU.Build.0 = Debug|Any CPU
		{F9AC3E5B-2C16-4828-8CE3-07F03F6F8AFD}.Release|Any CPU.ActiveCfg = Release|Any CPU
		{F9AC3E5B-2C16-4828-8CE3-07F03F6F8AFD}.Release|Any CPU.Build.0 = Release|Any CPU
		{82C0AFA2-622B-4F5C-8321-6314EE8D207C}.Debug|Any CPU.ActiveCfg = Debug|Any CPU
		{82C0AFA2-622B-4F5C-8321-6314EE8D207C}.Debug|Any CPU.Build.0 = Debug|Any CPU
		{82C0AFA2-622B-4F5C-8321-6314EE8D207C}.Release|Any CPU.ActiveCfg = Release|Any CPU
		{82C0AFA2-622B-4F5C-8321-6314EE8D207C}.Release|Any CPU.Build.0 = Release|Any CPU
	EndGlobalSection
	GlobalSection(SolutionProperties) = preSolution
		HideSolutionNode = FALSE
	EndGlobalSection
	GlobalSection(NestedProjects) = preSolution
		{91C27607-133E-4683-8EFE-24D438E5C6AE} = {804C6637-3FA0-4D66-9C3F-71C08A2FD274}
		{D03F376A-634E-47D7-BAD6-0FEC060C8F60} = {804C6637-3FA0-4D66-9C3F-71C08A2FD274}
		{3A1F03D9-5B3E-4F5C-8509-91EE28172B27} = {804C6637-3FA0-4D66-9C3F-71C08A2FD274}
		{ECC871D1-32F2-448C-91FF-5D9F0C9155F0} = {804C6637-3FA0-4D66-9C3F-71C08A2FD274}
		{CF6744F1-60FB-40BB-ABE9-7BDACAED7EB8} = {804C6637-3FA0-4D66-9C3F-71C08A2FD274}
		{F9AC3E5B-2C16-4828-8CE3-07F03F6F8AFD} = {804C6637-3FA0-4D66-9C3F-71C08A2FD274}
		{82C0AFA2-622B-4F5C-8321-6314EE8D207C} = {804C6637-3FA0-4D66-9C3F-71C08A2FD274}
	EndGlobalSection
	GlobalSection(ExtensibilityGlobals) = postSolution
		SolutionGuid = {4672147D-D354-4C88-98AC-804B843B9A3E}
	EndGlobalSection
EndGlobal
